
Microsoft Visual Studio Solution File, Format Version 12.00
# Visual Studio Version 17
VisualStudioVersion = 17.3.32819.101
MinimumVisualStudioVersion = 10.0.40219.1
Project("{FAE04EC0-301F-11D3-BF4B-00C04F79EFBC}") = "DISEÑOFUMIGACIONES", "DISEÑOFUMIGACIONES\DISEÑOFUMIGACIONES.csproj", "{A95D3DC4-2387-451B-9C87-94281A4BC3EB}"
EndProject
Global
	GlobalSection(SolutionConfigurationPlatforms) = preSolution
		Debug|Any CPU = Debug|Any CPU
		Release|Any CPU = Release|Any CPU
	EndGlobalSection
	GlobalSection(ProjectConfigurationPlatforms) = postSolution
		{A95D3DC4-2387-451B-9C87-94281A4BC3EB}.Debug|Any CPU.ActiveCfg = Debug|Any CPU
		{A95D3DC4-2387-451B-9C87-94281A4BC3EB}.Debug|Any CPU.Build.0 = Debug|Any CPU
		{A95D3DC4-2387-451B-9C87-94281A4BC3EB}.Release|Any CPU.ActiveCfg = Release|Any CPU
		{A95D3DC4-2387-451B-9C87-94281A4BC3EB}.Release|Any CPU.Build.0 = Release|Any CPU
	EndGlobalSection
	GlobalSection(SolutionProperties) = preSolution
		HideSolutionNode = FALSE
	EndGlobalSection
	GlobalSection(ExtensibilityGlobals) = postSolution
		SolutionGuid = {58FF083A-A0C8-44C6-B332-B9CAD98A5652}
	EndGlobalSection
EndGlobal
